lockfileVersion: '6.0'

settings:
  autoInstallPeers: true
  excludeLinksFromLockfile: false

dependencies:
  '@types/estree':
    specifier: ^1.0.0
    version: 1.0.0
  is-reference:
    specifier: ^3.0.0
    version: 3.0.0
  zimmerframe:
    specifier: ^1.0.0
    version: 1.0.0

devDependencies:
  acorn:
    specifier: ^8.0.0
    version: 8.0.0
  typescript:
    specifier: ^4.9.0
    version: 4.9.3
  uvu:
    specifier: ^0.5.1
    version: 0.5.1

packages:

  /@types/estree@1.0.0:
    resolution: {integrity: sha512-WulqXMDUTYAXCjZnk6JtIHPigp55cVtDgDrO2gHRwhyJto21+1zbVCtOYB2L1F9w4qCQ0rOGWBnBe0FNTiEJIQ==}
    dev: false

  /acorn@8.0.0:
    resolution: {integrity: sha512-wuJmBvKP9pkjPd2m+6skNcgK6S43df5cRbUTWQlns8rukcu5bcSvx9eZjvNXTtFe4+oCslAvIhNCvYBe/69xMw==}
    engines: {node: '>=0.4.0'}
    hasBin: true
    dev: true

  /dequal@2.0.3:
    resolution: {integrity: sha512-0je+qPKHEMohvfRTCEo3CrPG6cAzAYgmzKyxRiYSSDkS6eGJdyVJm7WaYA5ECaAD9wLB2T4EEeymA5aFVcYXCA==}
    engines: {node: '>=6'}
    dev: true

  /diff@5.1.0:
    resolution: {integrity: sha512-D+mk+qE8VC/PAUrlAU34N+VfXev0ghe5ywmpqrawphmVZc1bEfn56uo9qpyGp1p4xpzOHkSW4ztBd6L7Xx4ACw==}
    engines: {node: '>=0.3.1'}
    dev: true

  /is-reference@3.0.0:
    resolution: {integrity: sha512-Eo1W3wUoHWoCoVM4GVl/a+K0IgiqE5aIo4kJABFyMum1ZORlPkC+UC357sSQUL5w5QCE5kCC9upl75b7+7CY/Q==}
    dependencies:
      '@types/estree': 1.0.0
    dev: false

  /kleur@4.1.5:
    resolution: {integrity: sha512-o+NO+8WrRiQEE4/7nwRJhN1HWpVmJm511pBHUxPLtp0BUISzlBplORYSmTclCnJvQq2tKu/sgl3xVpkc7ZWuQQ==}
    engines: {node: '>=6'}
    dev: true

  /mri@1.2.0:
    resolution: {integrity: sha512-tzzskb3bG8LvYGFF/mDTpq3jpI6Q9wc3LEmBaghu+DdCssd1FakN7Bc0hVNmEyGq1bq3RgfkCb3cmQLpNPOroA==}
    engines: {node: '>=4'}
    dev: true

  /sade@1.8.1:
    resolution: {integrity: sha512-xal3CZX1Xlo/k4ApwCFrHVACi9fBqJ7V+mwhBsuf/1IOKbBy098Fex+Wa/5QMubw09pSZ/u8EY8PWgevJsXp1A==}
    engines: {node: '>=6'}
    dependencies:
      mri: 1.2.0
    dev: true

  /totalist@2.0.0:
    resolution: {integrity: sha512-+Y17F0YzxfACxTyjfhnJQEe7afPA0GSpYlFkl2VFMxYP7jshQf9gXV7cH47EfToBumFThfKBvfAcoUn6fdNeRQ==}
    engines: {node: '>=6'}
    dev: true

  /typescript@4.9.3:
    resolution: {integrity: sha512-CIfGzTelbKNEnLpLdGFgdyKhG23CKdKgQPOBc+OUNrkJ2vr+KSzsSV5kq5iWhEQbok+quxgGzrAtGWCyU7tHnA==}
    engines: {node: '>=4.2.0'}
    hasBin: true
    dev: true

  /uvu@0.5.1:
    resolution: {integrity: sha512-JGxttnOGDFs77FaZ0yMUHIzczzQ5R1IlDeNW6Wymw6gAscwMdAffVOP6TlxLIfReZyK8tahoGwWZaTCJzNFDkg==}
    engines: {node: '>=8'}
    hasBin: true
    dependencies:
      dequal: 2.0.3
      diff: 5.1.0
      kleur: 4.1.5
      sade: 1.8.1
      totalist: 2.0.0
    dev: true

  /zimmerframe@1.0.0:
    resolution: {integrity: sha512-H6qQ6LtjP+kDQwDgol18fPi4OCo7F+73ZBYt2U9c1D3V74bIMKxXvyrN0x+1I7/RYh5YsausflQxQR/qwDLHPQ==}
    dev: false
